Microsoft Visual Studio Solution File, Format Version 12.00
# Visual Studio Version 17
VisualStudioVersion = 17.5.2.0
MinimumVisualStudioVersion = 10.0.40219.1
Project("{FAE04EC0-301F-11D3-BF4B-00C04F79EFBC}") = "exercicio_logico", "exercicio_logico\exercicio_logico.csproj", "{965B087A-B967-418E-C614-691E1EB70D3C}"
EndProject
Global
	GlobalSection(SolutionConfigurationPlatforms) = preSolution
		Debug|Any CPU = Debug|Any CPU
		Release|Any CPU = Release|Any CPU
	EndGlobalSection
	GlobalSection(ProjectConfigurationPlatforms) = postSolution
		{965B087A-B967-418E-C614-691E1EB70D3C}.Debug|Any CPU.ActiveCfg = Debug|Any CPU
		{965B087A-B967-418E-C614-691E1EB70D3C}.Debug|Any CPU.Build.0 = Debug|Any CPU
		{965B087A-B967-418E-C614-691E1EB70D3C}.Release|Any CPU.ActiveCfg = Release|Any CPU
		{965B087A-B967-418E-C614-691E1EB70D3C}.Release|Any CPU.Build.0 = Release|Any CPU
	EndGlobalSection
	GlobalSection(SolutionProperties) = preSolution
		HideSolutionNode = FALSE
	EndGlobalSection
	GlobalSection(ExtensibilityGlobals) = postSolution
		SolutionGuid = {4C53AFCB-2782-4ACD-ACA8-B4BBE2F622CD}
	EndGlobalSection
EndGlobal
